
Microsoft Visual Studio Solution File, Format Version 12.00
# Visual Studio 15
VisualStudioVersion = 15.0.28307.168
MinimumVisualStudioVersion = 10.0.40219.1
Project("{FAE04EC0-301F-11D3-BF4B-00C04F79EFBC}") = "GrpcDemo.Server", "GrpcDemo.Server\GrpcDemo.Server.csproj", "{45FEC586-44AB-407D-9C1B-538DADA596B2}"
EndProject
Project("{FAE04EC0-301F-11D3-BF4B-00C04F79EFBC}") = "GrpcDemo.Client", "GrpcDemo.Client\GrpcDemo.Client.csproj", "{6B57EC08-3A1F-4A5B-B564-927FECB3798E}"
EndProject
Global
	GlobalSection(SolutionConfigurationPlatforms) = preSolution
		Debug|Any CPU = Debug|Any CPU
		Release|Any CPU = Release|Any CPU
	EndGlobalSection
	GlobalSection(ProjectConfigurationPlatforms) = postSolution
		{45FEC586-44AB-407D-9C1B-538DADA596B2}.Debug|Any CPU.ActiveCfg = Debug|Any CPU
		{45FEC586-44AB-407D-9C1B-538DADA596B2}.Debug|Any CPU.Build.0 = Debug|Any CPU
		{45FEC586-44AB-407D-9C1B-538DADA596B2}.Release|Any CPU.ActiveCfg = Release|Any CPU
		{45FEC586-44AB-407D-9C1B-538DADA596B2}.Release|Any CPU.Build.0 = Release|Any CPU
		{6B57EC08-3A1F-4A5B-B564-927FECB3798E}.Debug|Any CPU.ActiveCfg = Debug|Any CPU
		{6B57EC08-3A1F-4A5B-B564-927FECB3798E}.Debug|Any CPU.Build.0 = Debug|Any CPU
		{6B57EC08-3A1F-4A5B-B564-927FECB3798E}.Release|Any CPU.ActiveCfg = Release|Any CPU
		{6B57EC08-3A1F-4A5B-B564-927FECB3798E}.Release|Any CPU.Build.0 = Release|Any CPU
	EndGlobalSection
	GlobalSection(SolutionProperties) = preSolution
		HideSolutionNode = FALSE
	EndGlobalSection
	GlobalSection(ExtensibilityGlobals) = postSolution
		SolutionGuid = {96BC6953-DBCA-431F-97C6-0E13D79EA386}
	EndGlobalSection
EndGlobal
