
Microsoft Visual Studio Solution File, Format Version 12.00
# Visual Studio 15
VisualStudioVersion = 15.0.28307.168
MinimumVisualStudioVersion = 10.0.40219.1
Project("{9A19103F-16F7-4668-BE54-9A1E7A4F7556}") = "GrpcDemo.Server", "GrpcDemo.Server\GrpcDemo.Server.csproj", "{45FEC586-44AB-407D-9C1B-538DADA596B2}"
EndProject
Project("{9A19103F-16F7-4668-BE54-9A1E7A4F7556}") = "GrpcDemo.Client", "GrpcDemo.Client\GrpcDemo.Client.csproj", "{6B57EC08-3A1F-4A5B-B564-927FECB3798E}"
EndProject
Project("{9A19103F-16F7-4668-BE54-9A1E7A4F7556}") = "GrpcDemo.AspGrpcServer", "GrpcDemo.AspGrpcServer\GrpcDemo.AspGrpcServer.csproj", "{19E71053-9020-4EE0-8747-5AB852023184}"
EndProject
Global
	GlobalSection(SolutionConfigurationPlatforms) = preSolution
		Debug|Any CPU = Debug|Any CPU
		Release|Any CPU = Release|Any CPU
	EndGlobalSection
	GlobalSection(ProjectConfigurationPlatforms) = postSolution
		{45FEC586-44AB-407D-9C1B-538DADA596B2}.Debug|Any CPU.ActiveCfg = Debug|Any CPU
		{45FEC586-44AB-407D-9C1B-538DADA596B2}.Debug|Any CPU.Build.0 = Debug|Any CPU
		{45FEC586-44AB-407D-9C1B-538DADA596B2}.Release|Any CPU.ActiveCfg = Release|Any CPU
		{45FEC586-44AB-407D-9C1B-538DADA596B2}.Release|Any CPU.Build.0 = Release|Any CPU
		{6B57EC08-3A1F-4A5B-B564-927FECB3798E}.Debug|Any CPU.ActiveCfg = Debug|Any CPU
		{6B57EC08-3A1F-4A5B-B564-927FECB3798E}.Debug|Any CPU.Build.0 = Debug|Any CPU
		{6B57EC08-3A1F-4A5B-B564-927FECB3798E}.Release|Any CPU.ActiveCfg = Release|Any CPU
		{6B57EC08-3A1F-4A5B-B564-927FECB3798E}.Release|Any CPU.Build.0 = Release|Any CPU
		{19E71053-9020-4EE0-8747-5AB852023184}.Debug|Any CPU.ActiveCfg = Debug|Any CPU
		{19E71053-9020-4EE0-8747-5AB852023184}.Debug|Any CPU.Build.0 = Debug|Any CPU
		{19E71053-9020-4EE0-8747-5AB852023184}.Release|Any CPU.ActiveCfg = Release|Any CPU
		{19E71053-9020-4EE0-8747-5AB852023184}.Release|Any CPU.Build.0 = Release|Any CPU
	EndGlobalSection
	GlobalSection(SolutionProperties) = preSolution
		HideSolutionNode = FALSE
	EndGlobalSection
	GlobalSection(ExtensibilityGlobals) = postSolution
		SolutionGuid = {96BC6953-DBCA-431F-97C6-0E13D79EA386}
	EndGlobalSection
EndGlobal
