
Microsoft Visual Studio Solution File, Format Version 12.00
# Visual Studio Version 16
VisualStudioVersion = 16.0.29613.14
MinimumVisualStudioVersion = 15.0.26124.0
Project("{9A19103F-16F7-4668-BE54-9A1E7A4F7556}") = "GrpcDemo.AspGrpcServer", "GrpcDemo.AspGrpcServer\GrpcDemo.AspGrpcServer.csproj", "{C813B96B-CAE4-446C-8B06-025EBBEEF200}"
EndProject
Project("{9A19103F-16F7-4668-BE54-9A1E7A4F7556}") = "GrpcDemo.Client", "GrpcDemo.Client\GrpcDemo.Client.csproj", "{F8969464-4052-48A3-99E6-62ACD7FF52D6}"
EndProject
Project("{9A19103F-16F7-4668-BE54-9A1E7A4F7556}") = "GrpcDemo.Server", "GrpcDemo.Server\GrpcDemo.Server.csproj", "{42D863F4-50CF-44B4-946B-0553863D515A}"
EndProject
Global
	GlobalSection(SolutionConfigurationPlatforms) = preSolution
		Debug|Any CPU = Debug|Any CPU
		Debug|x64 = Debug|x64
		Debug|x86 = Debug|x86
		Release|Any CPU = Release|Any CPU
		Release|x64 = Release|x64
		Release|x86 = Release|x86
	EndGlobalSection
	GlobalSection(ProjectConfigurationPlatforms) = postSolution
		{C813B96B-CAE4-446C-8B06-025EBBEEF200}.Debug|Any CPU.ActiveCfg = Debug|Any CPU
		{C813B96B-CAE4-446C-8B06-025EBBEEF200}.Debug|Any CPU.Build.0 = Debug|Any CPU
		{C813B96B-CAE4-446C-8B06-025EBBEEF200}.Debug|x64.ActiveCfg = Debug|Any CPU
		{C813B96B-CAE4-446C-8B06-025EBBEEF200}.Debug|x64.Build.0 = Debug|Any CPU
		{C813B96B-CAE4-446C-8B06-025EBBEEF200}.Debug|x86.ActiveCfg = Debug|Any CPU
		{C813B96B-CAE4-446C-8B06-025EBBEEF200}.Debug|x86.Build.0 = Debug|Any CPU
		{C813B96B-CAE4-446C-8B06-025EBBEEF200}.Release|Any CPU.ActiveCfg = Release|Any CPU
		{C813B96B-CAE4-446C-8B06-025EBBEEF200}.Release|Any CPU.Build.0 = Release|Any CPU
		{C813B96B-CAE4-446C-8B06-025EBBEEF200}.Release|x64.ActiveCfg = Release|Any CPU
		{C813B96B-CAE4-446C-8B06-025EBBEEF200}.Release|x64.Build.0 = Release|Any CPU
		{C813B96B-CAE4-446C-8B06-025EBBEEF200}.Release|x86.ActiveCfg = Release|Any CPU
		{C813B96B-CAE4-446C-8B06-025EBBEEF200}.Release|x86.Build.0 = Release|Any CPU
		{F8969464-4052-48A3-99E6-62ACD7FF52D6}.Debug|Any CPU.ActiveCfg = Debug|Any CPU
		{F8969464-4052-48A3-99E6-62ACD7FF52D6}.Debug|Any CPU.Build.0 = Debug|Any CPU
		{F8969464-4052-48A3-99E6-62ACD7FF52D6}.Debug|x64.ActiveCfg = Debug|Any CPU
		{F8969464-4052-48A3-99E6-62ACD7FF52D6}.Debug|x64.Build.0 = Debug|Any CPU
		{F8969464-4052-48A3-99E6-62ACD7FF52D6}.Debug|x86.ActiveCfg = Debug|Any CPU
		{F8969464-4052-48A3-99E6-62ACD7FF52D6}.Debug|x86.Build.0 = Debug|Any CPU
		{F8969464-4052-48A3-99E6-62ACD7FF52D6}.Release|Any CPU.ActiveCfg = Release|Any CPU
		{F8969464-4052-48A3-99E6-62ACD7FF52D6}.Release|Any CPU.Build.0 = Release|Any CPU
		{F8969464-4052-48A3-99E6-62ACD7FF52D6}.Release|x64.ActiveCfg = Release|Any CPU
		{F8969464-4052-48A3-99E6-62ACD7FF52D6}.Release|x64.Build.0 = Release|Any CPU
		{F8969464-4052-48A3-99E6-62ACD7FF52D6}.Release|x86.ActiveCfg = Release|Any CPU
		{F8969464-4052-48A3-99E6-62ACD7FF52D6}.Release|x86.Build.0 = Release|Any CPU
		{42D863F4-50CF-44B4-946B-0553863D515A}.Debug|Any CPU.ActiveCfg = Debug|Any CPU
		{42D863F4-50CF-44B4-946B-0553863D515A}.Debug|Any CPU.Build.0 = Debug|Any CPU
		{42D863F4-50CF-44B4-946B-0553863D515A}.Debug|x64.ActiveCfg = Debug|Any CPU
		{42D863F4-50CF-44B4-946B-0553863D515A}.Debug|x64.Build.0 = Debug|Any CPU
		{42D863F4-50CF-44B4-946B-0553863D515A}.Debug|x86.ActiveCfg = Debug|Any CPU
		{42D863F4-50CF-44B4-946B-0553863D515A}.Debug|x86.Build.0 = Debug|Any CPU
		{42D863F4-50CF-44B4-946B-0553863D515A}.Release|Any CPU.ActiveCfg = Release|Any CPU
		{42D863F4-50CF-44B4-946B-0553863D515A}.Release|Any CPU.Build.0 = Release|Any CPU
		{42D863F4-50CF-44B4-946B-0553863D515A}.Release|x64.ActiveCfg = Release|Any CPU
		{42D863F4-50CF-44B4-946B-0553863D515A}.Release|x64.Build.0 = Release|Any CPU
		{42D863F4-50CF-44B4-946B-0553863D515A}.Release|x86.ActiveCfg = Release|Any CPU
		{42D863F4-50CF-44B4-946B-0553863D515A}.Release|x86.Build.0 = Release|Any CPU
	EndGlobalSection
	GlobalSection(SolutionProperties) = preSolution
		HideSolutionNode = FALSE
	EndGlobalSection
	GlobalSection(ExtensibilityGlobals) = postSolution
		SolutionGuid = {21E7CBB1-CEE9-4313-9535-C18C73E52CDE}
	EndGlobalSection
EndGlobal
