
Microsoft Visual Studio Solution File, Format Version 12.00
# Visual Studio Version 16
VisualStudioVersion = 16.0.29613.14
MinimumVisualStudioVersion = 15.0.26124.0
Project("{9A19103F-16F7-4668-BE54-9A1E7A4F7556}") = "AspNetCoregRpcClient", "AspNetCoregRpcClient\AspNetCoregRpcClient.csproj", "{E873E339-E7E1-41F5-91F2-741DFC768510}"
EndProject
Project("{9A19103F-16F7-4668-BE54-9A1E7A4F7556}") = "AspNetCoregRpcService", "AspNetCoregRpcService\AspNetCoregRpcService.csproj", "{F2DDBA7C-E28B-478C-8171-4556481DF9A4}"
EndProject
Global
	GlobalSection(SolutionConfigurationPlatforms) = preSolution
		Debug|Any CPU = Debug|Any CPU
		Debug|x64 = Debug|x64
		Debug|x86 = Debug|x86
		Release|Any CPU = Release|Any CPU
		Release|x64 = Release|x64
		Release|x86 = Release|x86
	EndGlobalSection
	GlobalSection(ProjectConfigurationPlatforms) = postSolution
		{E873E339-E7E1-41F5-91F2-741DFC768510}.Debug|Any CPU.ActiveCfg = Debug|Any CPU
		{E873E339-E7E1-41F5-91F2-741DFC768510}.Debug|Any CPU.Build.0 = Debug|Any CPU
		{E873E339-E7E1-41F5-91F2-741DFC768510}.Debug|x64.ActiveCfg = Debug|Any CPU
		{E873E339-E7E1-41F5-91F2-741DFC768510}.Debug|x64.Build.0 = Debug|Any CPU
		{E873E339-E7E1-41F5-91F2-741DFC768510}.Debug|x86.ActiveCfg = Debug|Any CPU
		{E873E339-E7E1-41F5-91F2-741DFC768510}.Debug|x86.Build.0 = Debug|Any CPU
		{E873E339-E7E1-41F5-91F2-741DFC768510}.Release|Any CPU.ActiveCfg = Release|Any CPU
		{E873E339-E7E1-41F5-91F2-741DFC768510}.Release|Any CPU.Build.0 = Release|Any CPU
		{E873E339-E7E1-41F5-91F2-741DFC768510}.Release|x64.ActiveCfg = Release|Any CPU
		{E873E339-E7E1-41F5-91F2-741DFC768510}.Release|x64.Build.0 = Release|Any CPU
		{E873E339-E7E1-41F5-91F2-741DFC768510}.Release|x86.ActiveCfg = Release|Any CPU
		{E873E339-E7E1-41F5-91F2-741DFC768510}.Release|x86.Build.0 = Release|Any CPU
		{F2DDBA7C-E28B-478C-8171-4556481DF9A4}.Debug|Any CPU.ActiveCfg = Debug|Any CPU
		{F2DDBA7C-E28B-478C-8171-4556481DF9A4}.Debug|Any CPU.Build.0 = Debug|Any CPU
		{F2DDBA7C-E28B-478C-8171-4556481DF9A4}.Debug|x64.ActiveCfg = Debug|Any CPU
		{F2DDBA7C-E28B-478C-8171-4556481DF9A4}.Debug|x64.Build.0 = Debug|Any CPU
		{F2DDBA7C-E28B-478C-8171-4556481DF9A4}.Debug|x86.ActiveCfg = Debug|Any CPU
		{F2DDBA7C-E28B-478C-8171-4556481DF9A4}.Debug|x86.Build.0 = Debug|Any CPU
		{F2DDBA7C-E28B-478C-8171-4556481DF9A4}.Release|Any CPU.ActiveCfg = Release|Any CPU
		{F2DDBA7C-E28B-478C-8171-4556481DF9A4}.Release|Any CPU.Build.0 = Release|Any CPU
		{F2DDBA7C-E28B-478C-8171-4556481DF9A4}.Release|x64.ActiveCfg = Release|Any CPU
		{F2DDBA7C-E28B-478C-8171-4556481DF9A4}.Release|x64.Build.0 = Release|Any CPU
		{F2DDBA7C-E28B-478C-8171-4556481DF9A4}.Release|x86.ActiveCfg = Release|Any CPU
		{F2DDBA7C-E28B-478C-8171-4556481DF9A4}.Release|x86.Build.0 = Release|Any CPU
	EndGlobalSection
	GlobalSection(SolutionProperties) = preSolution
		HideSolutionNode = FALSE
	EndGlobalSection
	GlobalSection(ExtensibilityGlobals) = postSolution
		SolutionGuid = {2AD60203-8037-4EAB-8E5E-71302903CB83}
	EndGlobalSection
EndGlobal
