
Microsoft Visual Studio Solution File, Format Version 12.00
# Visual Studio 15
VisualStudioVersion = 15.0.26124.0
MinimumVisualStudioVersion = 15.0.26124.0
Project("{2150E333-8FDC-42A3-9474-1A3956D46DE8}") = "HproseDemo", "HproseDemo", "{4B3847D6-4599-4227-BFF6-24E7B1D8BAC7}"
EndProject
Project("{FAE04EC0-301F-11D3-BF4B-00C04F79EFBC}") = "HproseServerConsoleApp", "HproseServerConsoleApp\HproseServerConsoleApp.csproj", "{E4E04097-C79C-4903-AB05-E07691EB8F6F}"
EndProject
Project("{2150E333-8FDC-42A3-9474-1A3956D46DE8}") = "gRPCNetDemo", "gRPCNetDemo", "{140CA6A3-D57F-4016-93C6-B4497F92A8C7}"
EndProject
Project("{FAE04EC0-301F-11D3-BF4B-00C04F79EFBC}") = "gRPCDemo", "gRPCDemo\gRPCDemo.csproj", "{43239A6A-5B6F-4D61-B503-AE5E89092974}"
EndProject
Project("{FAE04EC0-301F-11D3-BF4B-00C04F79EFBC}") = "gRPCServer", "gRPCServer\gRPCServer.csproj", "{E6319C31-A07E-4FE5-A61C-91C414F46235}"
EndProject
Project("{FAE04EC0-301F-11D3-BF4B-00C04F79EFBC}") = "gRPCClient", "gRPCClient\gRPCClient.csproj", "{FCA9E97A-94F7-4EF0-9C97-37181D36B2C5}"
EndProject
Global
	GlobalSection(SolutionConfigurationPlatforms) = preSolution
		Debug|Any CPU = Debug|Any CPU
		Debug|x64 = Debug|x64
		Debug|x86 = Debug|x86
		Release|Any CPU = Release|Any CPU
		Release|x64 = Release|x64
		Release|x86 = Release|x86
	EndGlobalSection
	GlobalSection(ProjectConfigurationPlatforms) = postSolution
		{E4E04097-C79C-4903-AB05-E07691EB8F6F}.Debug|Any CPU.ActiveCfg = Debug|Any CPU
		{E4E04097-C79C-4903-AB05-E07691EB8F6F}.Debug|Any CPU.Build.0 = Debug|Any CPU
		{E4E04097-C79C-4903-AB05-E07691EB8F6F}.Debug|x64.ActiveCfg = Debug|Any CPU
		{E4E04097-C79C-4903-AB05-E07691EB8F6F}.Debug|x64.Build.0 = Debug|Any CPU
		{E4E04097-C79C-4903-AB05-E07691EB8F6F}.Debug|x86.ActiveCfg = Debug|Any CPU
		{E4E04097-C79C-4903-AB05-E07691EB8F6F}.Debug|x86.Build.0 = Debug|Any CPU
		{E4E04097-C79C-4903-AB05-E07691EB8F6F}.Release|Any CPU.ActiveCfg = Release|Any CPU
		{E4E04097-C79C-4903-AB05-E07691EB8F6F}.Release|Any CPU.Build.0 = Release|Any CPU
		{E4E04097-C79C-4903-AB05-E07691EB8F6F}.Release|x64.ActiveCfg = Release|Any CPU
		{E4E04097-C79C-4903-AB05-E07691EB8F6F}.Release|x64.Build.0 = Release|Any CPU
		{E4E04097-C79C-4903-AB05-E07691EB8F6F}.Release|x86.ActiveCfg = Release|Any CPU
		{E4E04097-C79C-4903-AB05-E07691EB8F6F}.Release|x86.Build.0 = Release|Any CPU
		{43239A6A-5B6F-4D61-B503-AE5E89092974}.Debug|Any CPU.ActiveCfg = Debug|Any CPU
		{43239A6A-5B6F-4D61-B503-AE5E89092974}.Debug|Any CPU.Build.0 = Debug|Any CPU
		{43239A6A-5B6F-4D61-B503-AE5E89092974}.Debug|x64.ActiveCfg = Debug|Any CPU
		{43239A6A-5B6F-4D61-B503-AE5E89092974}.Debug|x64.Build.0 = Debug|Any CPU
		{43239A6A-5B6F-4D61-B503-AE5E89092974}.Debug|x86.ActiveCfg = Debug|Any CPU
		{43239A6A-5B6F-4D61-B503-AE5E89092974}.Debug|x86.Build.0 = Debug|Any CPU
		{43239A6A-5B6F-4D61-B503-AE5E89092974}.Release|Any CPU.ActiveCfg = Release|Any CPU
		{43239A6A-5B6F-4D61-B503-AE5E89092974}.Release|Any CPU.Build.0 = Release|Any CPU
		{43239A6A-5B6F-4D61-B503-AE5E89092974}.Release|x64.ActiveCfg = Release|Any CPU
		{43239A6A-5B6F-4D61-B503-AE5E89092974}.Release|x64.Build.0 = Release|Any CPU
		{43239A6A-5B6F-4D61-B503-AE5E89092974}.Release|x86.ActiveCfg = Release|Any CPU
		{43239A6A-5B6F-4D61-B503-AE5E89092974}.Release|x86.Build.0 = Release|Any CPU
		{E6319C31-A07E-4FE5-A61C-91C414F46235}.Debug|Any CPU.ActiveCfg = Debug|Any CPU
		{E6319C31-A07E-4FE5-A61C-91C414F46235}.Debug|Any CPU.Build.0 = Debug|Any CPU
		{E6319C31-A07E-4FE5-A61C-91C414F46235}.Debug|x64.ActiveCfg = Debug|Any CPU
		{E6319C31-A07E-4FE5-A61C-91C414F46235}.Debug|x64.Build.0 = Debug|Any CPU
		{E6319C31-A07E-4FE5-A61C-91C414F46235}.Debug|x86.ActiveCfg = Debug|Any CPU
		{E6319C31-A07E-4FE5-A61C-91C414F46235}.Debug|x86.Build.0 = Debug|Any CPU
		{E6319C31-A07E-4FE5-A61C-91C414F46235}.Release|Any CPU.ActiveCfg = Release|Any CPU
		{E6319C31-A07E-4FE5-A61C-91C414F46235}.Release|Any CPU.Build.0 = Release|Any CPU
		{E6319C31-A07E-4FE5-A61C-91C414F46235}.Release|x64.ActiveCfg = Release|Any CPU
		{E6319C31-A07E-4FE5-A61C-91C414F46235}.Release|x64.Build.0 = Release|Any CPU
		{E6319C31-A07E-4FE5-A61C-91C414F46235}.Release|x86.ActiveCfg = Release|Any CPU
		{E6319C31-A07E-4FE5-A61C-91C414F46235}.Release|x86.Build.0 = Release|Any CPU
		{FCA9E97A-94F7-4EF0-9C97-37181D36B2C5}.Debug|Any CPU.ActiveCfg = Debug|Any CPU
		{FCA9E97A-94F7-4EF0-9C97-37181D36B2C5}.Debug|Any CPU.Build.0 = Debug|Any CPU
		{FCA9E97A-94F7-4EF0-9C97-37181D36B2C5}.Debug|x64.ActiveCfg = Debug|Any CPU
		{FCA9E97A-94F7-4EF0-9C97-37181D36B2C5}.Debug|x64.Build.0 = Debug|Any CPU
		{FCA9E97A-94F7-4EF0-9C97-37181D36B2C5}.Debug|x86.ActiveCfg = Debug|Any CPU
		{FCA9E97A-94F7-4EF0-9C97-37181D36B2C5}.Debug|x86.Build.0 = Debug|Any CPU
		{FCA9E97A-94F7-4EF0-9C97-37181D36B2C5}.Release|Any CPU.ActiveCfg = Release|Any CPU
		{FCA9E97A-94F7-4EF0-9C97-37181D36B2C5}.Release|Any CPU.Build.0 = Release|Any CPU
		{FCA9E97A-94F7-4EF0-9C97-37181D36B2C5}.Release|x64.ActiveCfg = Release|Any CPU
		{FCA9E97A-94F7-4EF0-9C97-37181D36B2C5}.Release|x64.Build.0 = Release|Any CPU
		{FCA9E97A-94F7-4EF0-9C97-37181D36B2C5}.Release|x86.ActiveCfg = Release|Any CPU
		{FCA9E97A-94F7-4EF0-9C97-37181D36B2C5}.Release|x86.Build.0 = Release|Any CPU
	EndGlobalSection
	GlobalSection(SolutionProperties) = preSolution
		HideSolutionNode = FALSE
	EndGlobalSection
	GlobalSection(NestedProjects) = preSolution
		{E4E04097-C79C-4903-AB05-E07691EB8F6F} = {4B3847D6-4599-4227-BFF6-24E7B1D8BAC7}
		{43239A6A-5B6F-4D61-B503-AE5E89092974} = {140CA6A3-D57F-4016-93C6-B4497F92A8C7}
		{E6319C31-A07E-4FE5-A61C-91C414F46235} = {140CA6A3-D57F-4016-93C6-B4497F92A8C7}
		{FCA9E97A-94F7-4EF0-9C97-37181D36B2C5} = {140CA6A3-D57F-4016-93C6-B4497F92A8C7}
	EndGlobalSection
	GlobalSection(ExtensibilityGlobals) = postSolution
		SolutionGuid = {B68BCBF4-298D-4AB1-A2E1-92696C2A58BA}
	EndGlobalSection
EndGlobal
