
Microsoft Visual Studio Solution File, Format Version 12.00
# Visual Studio Version 16
VisualStudioVersion = 16.0.29613.14
MinimumVisualStudioVersion = 15.0.26124.0
Project("{2150E333-8FDC-42A3-9474-1A3956D46DE8}") = "NetCore3.1", "NetCore3.1", "{8E9D3813-6F9C-490F-B380-39B93E47941D}"
EndProject
Project("{FAE04EC0-301F-11D3-BF4B-00C04F79EFBC}") = "AspNetCoregRpcService", "AspNetCoregRpcService\AspNetCoregRpcService.csproj", "{68D640BD-0FF7-42D4-BB94-CD625A8DDB03}"
EndProject
Project("{FAE04EC0-301F-11D3-BF4B-00C04F79EFBC}") = "AspNetCoregRpcClient", "AspNetCoregRpcClient\AspNetCoregRpcClient.csproj", "{B20F4A35-19AA-483B-BAF3-51760F205937}"
EndProject
Global
	GlobalSection(SolutionConfigurationPlatforms) = preSolution
		Debug|Any CPU = Debug|Any CPU
		Debug|x64 = Debug|x64
		Debug|x86 = Debug|x86
		Release|Any CPU = Release|Any CPU
		Release|x64 = Release|x64
		Release|x86 = Release|x86
	EndGlobalSection
	GlobalSection(ProjectConfigurationPlatforms) = postSolution
		{68D640BD-0FF7-42D4-BB94-CD625A8DDB03}.Debug|Any CPU.ActiveCfg = Debug|Any CPU
		{68D640BD-0FF7-42D4-BB94-CD625A8DDB03}.Debug|Any CPU.Build.0 = Debug|Any CPU
		{68D640BD-0FF7-42D4-BB94-CD625A8DDB03}.Debug|x64.ActiveCfg = Debug|Any CPU
		{68D640BD-0FF7-42D4-BB94-CD625A8DDB03}.Debug|x64.Build.0 = Debug|Any CPU
		{68D640BD-0FF7-42D4-BB94-CD625A8DDB03}.Debug|x86.ActiveCfg = Debug|Any CPU
		{68D640BD-0FF7-42D4-BB94-CD625A8DDB03}.Debug|x86.Build.0 = Debug|Any CPU
		{68D640BD-0FF7-42D4-BB94-CD625A8DDB03}.Release|Any CPU.ActiveCfg = Release|Any CPU
		{68D640BD-0FF7-42D4-BB94-CD625A8DDB03}.Release|Any CPU.Build.0 = Release|Any CPU
		{68D640BD-0FF7-42D4-BB94-CD625A8DDB03}.Release|x64.ActiveCfg = Release|Any CPU
		{68D640BD-0FF7-42D4-BB94-CD625A8DDB03}.Release|x64.Build.0 = Release|Any CPU
		{68D640BD-0FF7-42D4-BB94-CD625A8DDB03}.Release|x86.ActiveCfg = Release|Any CPU
		{68D640BD-0FF7-42D4-BB94-CD625A8DDB03}.Release|x86.Build.0 = Release|Any CPU
		{B20F4A35-19AA-483B-BAF3-51760F205937}.Debug|Any CPU.ActiveCfg = Debug|Any CPU
		{B20F4A35-19AA-483B-BAF3-51760F205937}.Debug|Any CPU.Build.0 = Debug|Any CPU
		{B20F4A35-19AA-483B-BAF3-51760F205937}.Debug|x64.ActiveCfg = Debug|Any CPU
		{B20F4A35-19AA-483B-BAF3-51760F205937}.Debug|x64.Build.0 = Debug|Any CPU
		{B20F4A35-19AA-483B-BAF3-51760F205937}.Debug|x86.ActiveCfg = Debug|Any CPU
		{B20F4A35-19AA-483B-BAF3-51760F205937}.Debug|x86.Build.0 = Debug|Any CPU
		{B20F4A35-19AA-483B-BAF3-51760F205937}.Release|Any CPU.ActiveCfg = Release|Any CPU
		{B20F4A35-19AA-483B-BAF3-51760F205937}.Release|Any CPU.Build.0 = Release|Any CPU
		{B20F4A35-19AA-483B-BAF3-51760F205937}.Release|x64.ActiveCfg = Release|Any CPU
		{B20F4A35-19AA-483B-BAF3-51760F205937}.Release|x64.Build.0 = Release|Any CPU
		{B20F4A35-19AA-483B-BAF3-51760F205937}.Release|x86.ActiveCfg = Release|Any CPU
		{B20F4A35-19AA-483B-BAF3-51760F205937}.Release|x86.Build.0 = Release|Any CPU
	EndGlobalSection
	GlobalSection(SolutionProperties) = preSolution
		HideSolutionNode = FALSE
	EndGlobalSection
	GlobalSection(NestedProjects) = preSolution
		{68D640BD-0FF7-42D4-BB94-CD625A8DDB03} = {8E9D3813-6F9C-490F-B380-39B93E47941D}
		{B20F4A35-19AA-483B-BAF3-51760F205937} = {8E9D3813-6F9C-490F-B380-39B93E47941D}
	EndGlobalSection
	GlobalSection(ExtensibilityGlobals) = postSolution
		SolutionGuid = {0A51D599-4937-4463-83C3-1DD68856BF87}
	EndGlobalSection
EndGlobal
