
Microsoft Visual Studio Solution File, Format Version 12.00
# Visual Studio 15
VisualStudioVersion = 15.0.26124.0
MinimumVisualStudioVersion = 15.0.26124.0
Project("{FAE04EC0-301F-11D3-BF4B-00C04F79EFBC}") = "GrpcGreeter", "GrpcGreeter\GrpcGreeter.csproj", "{F96C463B-466F-4788-BC7E-F1CFF4883F6D}"
EndProject
Project("{FAE04EC0-301F-11D3-BF4B-00C04F79EFBC}") = "GrpcGreeterClient", "GrpcGreeterClient\GrpcGreeterClient.csproj", "{15C97DFB-2579-4D79-8F14-587B60EF031F}"
EndProject
Global
	GlobalSection(SolutionConfigurationPlatforms) = preSolution
		Debug|Any CPU = Debug|Any CPU
		Debug|x64 = Debug|x64
		Debug|x86 = Debug|x86
		Release|Any CPU = Release|Any CPU
		Release|x64 = Release|x64
		Release|x86 = Release|x86
	EndGlobalSection
	GlobalSection(SolutionProperties) = preSolution
		HideSolutionNode = FALSE
	EndGlobalSection
	GlobalSection(ProjectConfigurationPlatforms) = postSolution
		{F96C463B-466F-4788-BC7E-F1CFF4883F6D}.Debug|Any CPU.ActiveCfg = Debug|Any CPU
		{F96C463B-466F-4788-BC7E-F1CFF4883F6D}.Debug|Any CPU.Build.0 = Debug|Any CPU
		{F96C463B-466F-4788-BC7E-F1CFF4883F6D}.Debug|x64.ActiveCfg = Debug|Any CPU
		{F96C463B-466F-4788-BC7E-F1CFF4883F6D}.Debug|x64.Build.0 = Debug|Any CPU
		{F96C463B-466F-4788-BC7E-F1CFF4883F6D}.Debug|x86.ActiveCfg = Debug|Any CPU
		{F96C463B-466F-4788-BC7E-F1CFF4883F6D}.Debug|x86.Build.0 = Debug|Any CPU
		{F96C463B-466F-4788-BC7E-F1CFF4883F6D}.Release|Any CPU.ActiveCfg = Release|Any CPU
		{F96C463B-466F-4788-BC7E-F1CFF4883F6D}.Release|Any CPU.Build.0 = Release|Any CPU
		{F96C463B-466F-4788-BC7E-F1CFF4883F6D}.Release|x64.ActiveCfg = Release|Any CPU
		{F96C463B-466F-4788-BC7E-F1CFF4883F6D}.Release|x64.Build.0 = Release|Any CPU
		{F96C463B-466F-4788-BC7E-F1CFF4883F6D}.Release|x86.ActiveCfg = Release|Any CPU
		{F96C463B-466F-4788-BC7E-F1CFF4883F6D}.Release|x86.Build.0 = Release|Any CPU
		{15C97DFB-2579-4D79-8F14-587B60EF031F}.Debug|Any CPU.ActiveCfg = Debug|Any CPU
		{15C97DFB-2579-4D79-8F14-587B60EF031F}.Debug|Any CPU.Build.0 = Debug|Any CPU
		{15C97DFB-2579-4D79-8F14-587B60EF031F}.Debug|x64.ActiveCfg = Debug|Any CPU
		{15C97DFB-2579-4D79-8F14-587B60EF031F}.Debug|x64.Build.0 = Debug|Any CPU
		{15C97DFB-2579-4D79-8F14-587B60EF031F}.Debug|x86.ActiveCfg = Debug|Any CPU
		{15C97DFB-2579-4D79-8F14-587B60EF031F}.Debug|x86.Build.0 = Debug|Any CPU
		{15C97DFB-2579-4D79-8F14-587B60EF031F}.Release|Any CPU.ActiveCfg = Release|Any CPU
		{15C97DFB-2579-4D79-8F14-587B60EF031F}.Release|Any CPU.Build.0 = Release|Any CPU
		{15C97DFB-2579-4D79-8F14-587B60EF031F}.Release|x64.ActiveCfg = Release|Any CPU
		{15C97DFB-2579-4D79-8F14-587B60EF031F}.Release|x64.Build.0 = Release|Any CPU
		{15C97DFB-2579-4D79-8F14-587B60EF031F}.Release|x86.ActiveCfg = Release|Any CPU
		{15C97DFB-2579-4D79-8F14-587B60EF031F}.Release|x86.Build.0 = Release|Any CPU
	EndGlobalSection
	GlobalSection(NestedProjects) = preSolution
	EndGlobalSection
EndGlobal
